Microsoft Visual Studio Solution File, Format Version 11.00
# Visual Studio 2008

Project("{97699B80-3FED-9CCD-8315-209007FF56C9}") = "Bacteria Lover", "Assembly-CSharp.csproj", "{557324AC-7FC3-98B1-59AB-042913C53B12}"
EndProject
Global
	GlobalSection(SolutionConfigurationPlatforms) = preSolution
		Debug|Any CPU = Debug|Any CPU
		Release|Any CPU = Release|Any CPU
	EndGlobalSection
	GlobalSection(ProjectConfigurationPlatforms) = postSolution
		{557324AC-7FC3-98B1-59AB-042913C53B12}.Debug|Any CPU.ActiveCfg = Debug|Any CPU
		{557324AC-7FC3-98B1-59AB-042913C53B12}.Debug|Any CPU.Build.0 = Debug|Any CPU
		{557324AC-7FC3-98B1-59AB-042913C53B12}.Release|Any CPU.ActiveCfg = Release|Any CPU
		{557324AC-7FC3-98B1-59AB-042913C53B12}.Release|Any CPU.Build.0 = Release|Any CPU
	EndGlobalSection
	GlobalSection(SolutionProperties) = preSolution
		HideSolutionNode = FALSE
	EndGlobalSection
	GlobalSection(MonoDevelopProperties) = preSolution
		StartupItem = Assembly-CSharp.csproj
	EndGlobalSection
EndGlobal
